
Microsoft Visual Studio Solution File, Format Version 12.00
# Visual Studio Version 16
VisualStudioVersion = 16.0.29920.165
MinimumVisualStudioVersion = 10.0.40219.1
Project("{FAE04EC0-301F-11D3-BF4B-00C04F79EFBC}") = "App1.Android", "App1\App1.Android\App1.Android.csproj", "{C68B6C7C-07D0-47BF-B014-B722EDF7D386}"
EndProject
Project("{FAE04EC0-301F-11D3-BF4B-00C04F79EFBC}") = "App1.iOS", "App1\App1.iOS\App1.iOS.csproj", "{ECC1D350-A23E-479F-95CC-726B4F81B0F2}"
EndProject
Project("{FAE04EC0-301F-11D3-BF4B-00C04F79EFBC}") = "App1", "App1\App1\App1.csproj", "{29D7E7BB-9932-4C93-8FA9-24639AD1FD41}"
EndProject
Global
	GlobalSection(SolutionConfigurationPlatforms) = preSolution
		Debug|Any CPU = Debug|Any CPU
		Debug|iPhone = Debug|iPhone
		Debug|iPhoneSimulator = Debug|iPhoneSimulator
		Release|Any CPU = Release|Any CPU
		Release|iPhone = Release|iPhone
		Release|iPhoneSimulator = Release|iPhoneSimulator
	EndGlobalSection
	GlobalSection(ProjectConfigurationPlatforms) = postSolution
		{C68B6C7C-07D0-47BF-B014-B722EDF7D386}.Debug|Any CPU.ActiveCfg = Debug|Any CPU
		{C68B6C7C-07D0-47BF-B014-B722EDF7D386}.Debug|Any CPU.Build.0 = Debug|Any CPU
		{C68B6C7C-07D0-47BF-B014-B722EDF7D386}.Debug|Any CPU.Deploy.0 = Debug|Any CPU
		{C68B6C7C-07D0-47BF-B014-B722EDF7D386}.Debug|iPhone.ActiveCfg = Debug|Any CPU
		{C68B6C7C-07D0-47BF-B014-B722EDF7D386}.Debug|iPhone.Build.0 = Debug|Any CPU
		{C68B6C7C-07D0-47BF-B014-B722EDF7D386}.Debug|iPhone.Deploy.0 = Debug|Any CPU
		{C68B6C7C-07D0-47BF-B014-B722EDF7D386}.Debug|iPhoneSimulator.ActiveCfg = Debug|Any CPU
		{C68B6C7C-07D0-47BF-B014-B722EDF7D386}.Debug|iPhoneSimulator.Build.0 = Debug|Any CPU
		{C68B6C7C-07D0-47BF-B014-B722EDF7D386}.Debug|iPhoneSimulator.Deploy.0 = Debug|Any CPU
		{C68B6C7C-07D0-47BF-B014-B722EDF7D386}.Release|Any CPU.ActiveCfg = Release|Any CPU
		{C68B6C7C-07D0-47BF-B014-B722EDF7D386}.Release|Any CPU.Build.0 = Release|Any CPU
		{C68B6C7C-07D0-47BF-B014-B722EDF7D386}.Release|Any CPU.Deploy.0 = Release|Any CPU
		{C68B6C7C-07D0-47BF-B014-B722EDF7D386}.Release|iPhone.ActiveCfg = Release|Any CPU
		{C68B6C7C-07D0-47BF-B014-B722EDF7D386}.Release|iPhone.Build.0 = Release|Any CPU
		{C68B6C7C-07D0-47BF-B014-B722EDF7D386}.Release|iPhone.Deploy.0 = Release|Any CPU
		{C68B6C7C-07D0-47BF-B014-B722EDF7D386}.Release|iPhoneSimulator.ActiveCfg = Release|Any CPU
		{C68B6C7C-07D0-47BF-B014-B722EDF7D386}.Release|iPhoneSimulator.Build.0 = Release|Any CPU
		{C68B6C7C-07D0-47BF-B014-B722EDF7D386}.Release|iPhoneSimulator.Deploy.0 = Release|Any CPU
		{ECC1D350-A23E-479F-95CC-726B4F81B0F2}.Debug|Any CPU.ActiveCfg = Debug|iPhone
		{ECC1D350-A23E-479F-95CC-726B4F81B0F2}.Debug|Any CPU.Build.0 = Debug|iPhone
		{ECC1D350-A23E-479F-95CC-726B4F81B0F2}.Debug|Any CPU.Deploy.0 = Debug|iPhone
		{ECC1D350-A23E-479F-95CC-726B4F81B0F2}.Debug|iPhone.ActiveCfg = Debug|iPhone
		{ECC1D350-A23E-479F-95CC-726B4F81B0F2}.Debug|iPhone.Build.0 = Debug|iPhone
		{ECC1D350-A23E-479F-95CC-726B4F81B0F2}.Debug|iPhone.Deploy.0 = Debug|iPhone
		{ECC1D350-A23E-479F-95CC-726B4F81B0F2}.Debug|iPhoneSimulator.ActiveCfg = Debug|iPhoneSimulator
		{ECC1D350-A23E-479F-95CC-726B4F81B0F2}.Debug|iPhoneSimulator.Build.0 = Debug|iPhoneSimulator
		{ECC1D350-A23E-479F-95CC-726B4F81B0F2}.Debug|iPhoneSimulator.Deploy.0 = Debug|iPhoneSimulator
		{ECC1D350-A23E-479F-95CC-726B4F81B0F2}.Release|Any CPU.ActiveCfg = Release|iPhone
		{ECC1D350-A23E-479F-95CC-726B4F81B0F2}.Release|Any CPU.Build.0 = Release|iPhone
		{ECC1D350-A23E-479F-95CC-726B4F81B0F2}.Release|Any CPU.Deploy.0 = Release|iPhone
		{ECC1D350-A23E-479F-95CC-726B4F81B0F2}.Release|iPhone.ActiveCfg = Release|iPhone
		{ECC1D350-A23E-479F-95CC-726B4F81B0F2}.Release|iPhone.Build.0 = Release|iPhone
		{ECC1D350-A23E-479F-95CC-726B4F81B0F2}.Release|iPhone.Deploy.0 = Release|iPhone
		{ECC1D350-A23E-479F-95CC-726B4F81B0F2}.Release|iPhoneSimulator.ActiveCfg = Release|iPhoneSimulator
		{ECC1D350-A23E-479F-95CC-726B4F81B0F2}.Release|iPhoneSimulator.Build.0 = Release|iPhoneSimulator
		{ECC1D350-A23E-479F-95CC-726B4F81B0F2}.Release|iPhoneSimulator.Deploy.0 = Release|iPhoneSimulator
		{29D7E7BB-9932-4C93-8FA9-24639AD1FD41}.Debug|Any CPU.ActiveCfg = Debug|Any CPU
		{29D7E7BB-9932-4C93-8FA9-24639AD1FD41}.Debug|Any CPU.Build.0 = Debug|Any CPU
		{29D7E7BB-9932-4C93-8FA9-24639AD1FD41}.Debug|Any CPU.Deploy.0 = Debug|Any CPU
		{29D7E7BB-9932-4C93-8FA9-24639AD1FD41}.Debug|iPhone.ActiveCfg = Debug|Any CPU
		{29D7E7BB-9932-4C93-8FA9-24639AD1FD41}.Debug|iPhone.Build.0 = Debug|Any CPU
		{29D7E7BB-9932-4C93-8FA9-24639AD1FD41}.Debug|iPhone.Deploy.0 = Debug|Any CPU
		{29D7E7BB-9932-4C93-8FA9-24639AD1FD41}.Debug|iPhoneSimulator.ActiveCfg = Debug|Any CPU
		{29D7E7BB-9932-4C93-8FA9-24639AD1FD41}.Debug|iPhoneSimulator.Build.0 = Debug|Any CPU
		{29D7E7BB-9932-4C93-8FA9-24639AD1FD41}.Debug|iPhoneSimulator.Deploy.0 = Debug|Any CPU
		{29D7E7BB-9932-4C93-8FA9-24639AD1FD41}.Release|Any CPU.ActiveCfg = Release|Any CPU
		{29D7E7BB-9932-4C93-8FA9-24639AD1FD41}.Release|Any CPU.Build.0 = Release|Any CPU
		{29D7E7BB-9932-4C93-8FA9-24639AD1FD41}.Release|Any CPU.Deploy.0 = Release|Any CPU
		{29D7E7BB-9932-4C93-8FA9-24639AD1FD41}.Release|iPhone.ActiveCfg = Release|Any CPU
		{29D7E7BB-9932-4C93-8FA9-24639AD1FD41}.Release|iPhone.Build.0 = Release|Any CPU
		{29D7E7BB-9932-4C93-8FA9-24639AD1FD41}.Release|iPhone.Deploy.0 = Release|Any CPU
		{29D7E7BB-9932-4C93-8FA9-24639AD1FD41}.Release|iPhoneSimulator.ActiveCfg = Release|Any CPU
		{29D7E7BB-9932-4C93-8FA9-24639AD1FD41}.Release|iPhoneSimulator.Build.0 = Release|Any CPU
		{29D7E7BB-9932-4C93-8FA9-24639AD1FD41}.Release|iPhoneSimulator.Deploy.0 = Release|Any CPU
	EndGlobalSection
	GlobalSection(SolutionProperties) = preSolution
		HideSolutionNode = FALSE
	EndGlobalSection
	GlobalSection(ExtensibilityGlobals) = postSolution
		SolutionGuid = {5C331E82-7D51-48A4-87EF-4DB57BBF15B1}
	EndGlobalSection
EndGlobal
